// !$*UTF8*$!
{
	archiveVersion = 1;
	classes = {
	};
	objectVersion = 50;
	objects = {

/* Begin PBXBuildFile section */
		A1659263255DCC230002BFB1 /* OutfitExpressCDApp.swift in Sources */ = {isa = PBXBuildFile; fileRef = A1659262255DCC230002BFB1 /* OutfitExpressCDApp.swift */; };
		A1659265255DCC230002BFB1 /* ContentView.swift in Sources */ = {isa = PBXBuildFile; fileRef = A1659264255DCC230002BFB1 /* ContentView.swift */; };
		A1659267255DCC250002BFB1 /* Assets.xcassets in Resources */ = {isa = PBXBuildFile; fileRef = A1659266255DCC250002BFB1 /* Assets.xcassets */; };
		A165926A255DCC250002BFB1 /* Preview Assets.xcassets in Resources */ = {isa = PBXBuildFile; fileRef = A1659269255DCC250002BFB1 /* Preview Assets.xcassets */; };
		A165926C255DCC250002BFB1 /* Persistence.swift in Sources */ = {isa = PBXBuildFile; fileRef = A165926B255DCC250002BFB1 /* Persistence.swift */; };
		A165926F255DCC250002BFB1 /* OutfitExpressCD.xcdatamodeld in Sources */ = {isa = PBXBuildFile; fileRef = A165926D255DCC250002BFB1 /* OutfitExpressCD.xcdatamodeld */; };
		A165927A255DCC790002BFB1 /* HomeView.swift in Sources */ = {isa = PBXBuildFile; fileRef = A1659279255DCC790002BFB1 /* HomeView.swift */; };
		A165927E255DCCD70002BFB1 /* ItemViewModel.swift in Sources */ = {isa = PBXBuildFile; fileRef = A165927D255DCCD70002BFB1 /* ItemViewModel.swift */; };
		A165928E255DDC450002BFB1 /* CDItem+CoreDataClass.swift in Sources */ = {isa = PBXBuildFile; fileRef = A1659288255DDC450002BFB1 /* CDItem+CoreDataClass.swift */; };
		A165928F255DDC450002BFB1 /* CDItem+CoreDataProperties.swift in Sources */ = {isa = PBXBuildFile; fileRef = A1659289255DDC450002BFB1 /* CDItem+CoreDataProperties.swift */; };
		A1659290255DDC450002BFB1 /* CDTag+CoreDataClass.swift in Sources */ = {isa = PBXBuildFile; fileRef = A165928A255DDC450002BFB1 /* CDTag+CoreDataClass.swift */; };
		A1659291255DDC450002BFB1 /* CDTag+CoreDataProperties.swift in Sources */ = {isa = PBXBuildFile; fileRef = A165928B255DDC450002BFB1 /* CDTag+CoreDataProperties.swift */; };
		A1659292255DDC450002BFB1 /* CDCategory+CoreDataClass.swift in Sources */ = {isa = PBXBuildFile; fileRef = A165928C255DDC450002BFB1 /* CDCategory+CoreDataClass.swift */; };
		A1659293255DDC450002BFB1 /* CDCategory+CoreDataProperties.swift in Sources */ = {isa = PBXBuildFile; fileRef = A165928D255DDC450002BFB1 /* CDCategory+CoreDataProperties.swift */; };
		A1659299255DF2C50002BFB1 /* ImagePicker.swift in Sources */ = {isa = PBXBuildFile; fileRef = A1659298255DF2C50002BFB1 /* ImagePicker.swift */; };
		A165929D255DF30A0002BFB1 /* AddItemView.swift in Sources */ = {isa = PBXBuildFile; fileRef = A165929C255DF30A0002BFB1 /* AddItemView.swift */; };
		A16592A2255E05090002BFB1 /* ItemView.swift in Sources */ = {isa = PBXBuildFile; fileRef = A16592A1255E05090002BFB1 /* ItemView.swift */; };
/* End PBXBuildFile section */

/* Begin PBXFileReference section */
		A165925F255DCC230002BFB1 /* OutfitExpressCD.app */ = {isa = PBXFileReference; explicitFileType = wrapper.application; includeInIndex = 0; path = OutfitExpressCD.app; sourceTree = BUILT_PRODUCTS_DIR; };
		A1659262255DCC230002BFB1 /* OutfitExpressCDApp.swift */ = {isa = PBXFileReference; lastKnownFileType = sourcecode.swift; path = OutfitExpressCDApp.swift; sourceTree = "<group>"; };
		A1659264255DCC230002BFB1 /* ContentView.swift */ = {isa = PBXFileReference; lastKnownFileType = sourcecode.swift; path = ContentView.swift; sourceTree = "<group>"; };
		A1659266255DCC250002BFB1 /* Assets.xcassets */ = {isa = PBXFileReference; lastKnownFileType = folder.assetcatalog; path = Assets.xcassets; sourceTree = "<group>"; };
		A1659269255DCC250002BFB1 /* Preview Assets.xcassets */ = {isa = PBXFileReference; lastKnownFileType = folder.assetcatalog; path = "Preview Assets.xcassets"; sourceTree = "<group>"; };
		A165926B255DCC250002BFB1 /* Persistence.swift */ = {isa = PBXFileReference; lastKnownFileType = sourcecode.swift; path = Persistence.swift; sourceTree = "<group>"; };
		A165926E255DCC250002BFB1 /* OutfitExpressCD.xcdatamodel */ = {isa = PBXFileReference; lastKnownFileType = wrapper.xcdatamodel; path = OutfitExpressCD.xcdatamodel; sourceTree = "<group>"; };
		A1659270255DCC250002BFB1 /* Info.plist */ = {isa = PBXFileReference; lastKnownFileType = text.plist.xml; path = Info.plist; sourceTree = "<group>"; };
		A1659279255DCC790002BFB1 /* HomeView.swift */ = {isa = PBXFileReference; lastKnownFileType = sourcecode.swift; path = HomeView.swift; sourceTree = "<group>"; };
		A165927D255DCCD70002BFB1 /* ItemViewModel.swift */ = {isa = PBXFileReference; lastKnownFileType = sourcecode.swift; path = ItemViewModel.swift; sourceTree = "<group>"; };
		A1659288255DDC450002BFB1 /* CDItem+CoreDataClass.swift */ = {isa = PBXFileReference; lastKnownFileType = sourcecode.swift; name = "CDItem+CoreDataClass.swift"; path = "OutfitExpressCD/CoreDataUtilities/CDItem+CoreDataClass.swift"; sourceTree = "<group>"; };
		A1659289255DDC450002BFB1 /* CDItem+CoreDataProperties.swift */ = {isa = PBXFileReference; lastKnownFileType = sourcecode.swift; name = "CDItem+CoreDataProperties.swift"; path = "OutfitExpressCD/CoreDataUtilities/CDItem+CoreDataProperties.swift"; sourceTree = "<group>"; };
		A165928A255DDC450002BFB1 /* CDTag+CoreDataClass.swift */ = {isa = PBXFileReference; lastKnownFileType = sourcecode.swift; name = "CDTag+CoreDataClass.swift"; path = "OutfitExpressCD/CoreDataUtilities/CDTag+CoreDataClass.swift"; sourceTree = "<group>"; };
		A165928B255DDC450002BFB1 /* CDTag+CoreDataProperties.swift */ = {isa = PBXFileReference; lastKnownFileType = sourcecode.swift; name = "CDTag+CoreDataProperties.swift"; path = "OutfitExpressCD/CoreDataUtilities/CDTag+CoreDataProperties.swift"; sourceTree = "<group>"; };
		A165928C255DDC450002BFB1 /* CDCategory+CoreDataClass.swift */ = {isa = PBXFileReference; lastKnownFileType = sourcecode.swift; name = "CDCategory+CoreDataClass.swift"; path = "OutfitExpressCD/CoreDataUtilities/CDCategory+CoreDataClass.swift"; sourceTree = "<group>"; };
		A165928D255DDC450002BFB1 /* CDCategory+CoreDataProperties.swift */ = {isa = PBXFileReference; lastKnownFileType = sourcecode.swift; name = "CDCategory+CoreDataProperties.swift"; path = "OutfitExpressCD/CoreDataUtilities/CDCategory+CoreDataProperties.swift"; sourceTree = "<group>"; };
		A1659298255DF2C50002BFB1 /* ImagePicker.swift */ = {isa = PBXFileReference; lastKnownFileType = sourcecode.swift; path = ImagePicker.swift; sourceTree = "<group>"; };
		A165929C255DF30A0002BFB1 /* AddItemView.swift */ = {isa = PBXFileReference; lastKnownFileType = sourcecode.swift; path = AddItemView.swift; sourceTree = "<group>"; };
		A16592A1255E05090002BFB1 /* ItemView.swift */ = {isa = PBXFileReference; lastKnownFileType = sourcecode.swift; path = ItemView.swift; sourceTree = "<group>"; };
/* End PBXFileReference section */

/* Begin PBXFrameworksBuildPhase section */
		A165925C255DCC230002BFB1 /* Frameworks */ = {
			isa = PBXFrameworksBuildPhase;
			buildActionMask = 2147483647;
			files = (
			);
			runOnlyForDeploymentPostprocessing = 0;
		};
/* End PBXFrameworksBuildPhase section */

/* Begin PBXGroup section */
		A1659256255DCC230002BFB1 = {
			isa = PBXGroup;
			children = (
				A1659288255DDC450002BFB1 /* CDItem+CoreDataClass.swift */,
				A1659289255DDC450002BFB1 /* CDItem+CoreDataProperties.swift */,
				A165928A255DDC450002BFB1 /* CDTag+CoreDataClass.swift */,
				A165928B255DDC450002BFB1 /* CDTag+CoreDataProperties.swift */,
				A165928C255DDC450002BFB1 /* CDCategory+CoreDataClass.swift */,
				A165928D255DDC450002BFB1 /* CDCategory+CoreDataProperties.swift */,
				A1659261255DCC230002BFB1 /* OutfitExpressCD */,
				A1659260255DCC230002BFB1 /* Products */,
			);
			sourceTree = "<group>";
		};
		A1659260255DCC230002BFB1 /* Products */ = {
			isa = PBXGroup;
			children = (
				A165925F255DCC230002BFB1 /* OutfitExpressCD.app */,
			);
			name = Products;
			sourceTree = "<group>";
		};
		A1659261255DCC230002BFB1 /* OutfitExpressCD */ = {
			isa = PBXGroup;
			children = (
				A1659297255DF2AF0002BFB1 /* ImagePickerUtilities */,
				A1659287255DDC090002BFB1 /* CoreDataUtilities */,
				A1659278255DCC540002BFB1 /* ViewModel */,
				A1659277255DCC4A0002BFB1 /* Views */,
				A1659262255DCC230002BFB1 /* OutfitExpressCDApp.swift */,
				A1659264255DCC230002BFB1 /* ContentView.swift */,
				A1659266255DCC250002BFB1 /* Assets.xcassets */,
				A165926B255DCC250002BFB1 /* Persistence.swift */,
				A1659270255DCC250002BFB1 /* Info.plist */,
				A165926D255DCC250002BFB1 /* OutfitExpressCD.xcdatamodeld */,
				A1659268255DCC250002BFB1 /* Preview Content */,
			);
			path = OutfitExpressCD;
			sourceTree = "<group>";
		};
		A1659268255DCC250002BFB1 /* Preview Content */ = {
			isa = PBXGroup;
			children = (
				A1659269255DCC250002BFB1 /* Preview Assets.xcassets */,
			);
			path = "Preview Content";
			sourceTree = "<group>";
		};
		A1659277255DCC4A0002BFB1 /* Views */ = {
			isa = PBXGroup;
			children = (
				A1659279255DCC790002BFB1 /* HomeView.swift */,
				A165929C255DF30A0002BFB1 /* AddItemView.swift */,
				A16592A1255E05090002BFB1 /* ItemView.swift */,
			);
			path = Views;
			sourceTree = "<group>";
		};
		A1659278255DCC540002BFB1 /* ViewModel */ = {
			isa = PBXGroup;
			children = (
				A165927D255DCCD70002BFB1 /* ItemViewModel.swift */,
			);
			path = ViewModel;
			sourceTree = "<group>";
		};
		A1659287255DDC090002BFB1 /* CoreDataUtilities */ = {
			isa = PBXGroup;
			children = (
			);
			path = CoreDataUtilities;
			sourceTree = "<group>";
		};
		A1659297255DF2AF0002BFB1 /* ImagePickerUtilities */ = {
			isa = PBXGroup;
			children = (
				A1659298255DF2C50002BFB1 /* ImagePicker.swift */,
			);
			path = ImagePickerUtilities;
			sourceTree = "<group>";
		};
/* End PBXGroup section */

/* Begin PBXNativeTarget section */
		A165925E255DCC230002BFB1 /* OutfitExpressCD */ = {
			isa = PBXNativeTarget;
			buildConfigurationList = A1659273255DCC250002BFB1 /* Build configuration list for PBXNativeTarget "OutfitExpressCD" */;
			buildPhases = (
				A165925B255DCC230002BFB1 /* Sources */,
				A165925C255DCC230002BFB1 /* Frameworks */,
				A165925D255DCC230002BFB1 /* Resources */,
			);
			buildRules = (
			);
			dependencies = (
			);
			name = OutfitExpressCD;
			productName = OutfitExpressCD;
			productReference = A165925F255DCC230002BFB1 /* OutfitExpressCD.app */;
			productType = "com.apple.product-type.application";
		};
/* End PBXNativeTarget section */

/* Begin PBXProject section */
		A1659257255DCC230002BFB1 /* Project object */ = {
			isa = PBXProject;
			attributes = {
				LastSwiftUpdateCheck = 1210;
				LastUpgradeCheck = 1210;
				TargetAttributes = {
					A165925E255DCC230002BFB1 = {
						CreatedOnToolsVersion = 12.1;
					};
				};
			};
			buildConfigurationList = A165925A255DCC230002BFB1 /* Build configuration list for PBXProject "OutfitExpressCD" */;
			compatibilityVersion = "Xcode 9.3";
			developmentRegion = en;
			hasScannedForEncodings = 0;
			knownRegions = (
				en,
				Base,
			);
			mainGroup = A1659256255DCC230002BFB1;
			productRefGroup = A1659260255DCC230002BFB1 /* Products */;
			projectDirPath = "";
			projectRoot = "";
			targets = (
				A165925E255DCC230002BFB1 /* OutfitExpressCD */,
			);
		};
/* End PBXProject section */

/* Begin PBXResourcesBuildPhase section */
		A165925D255DCC230002BFB1 /* Resources */ = {
			isa = PBXResourcesBuildPhase;
			buildActionMask = 2147483647;
			files = (
				A165926A255DCC250002BFB1 /* Preview Assets.xcassets in Resources */,
				A1659267255DCC250002BFB1 /* Assets.xcassets in Resources */,
			);
			runOnlyForDeploymentPostprocessing = 0;
		};
/* End PBXResourcesBuildPhase section */

/* Begin PBXSourcesBuildPhase section */
		A165925B255DCC230002BFB1 /* Sources */ = {
			isa = PBXSourcesBuildPhase;
			buildActionMask = 2147483647;
			files = (
				A1659299255DF2C50002BFB1 /* ImagePicker.swift in Sources */,
				A165926F255DCC250002BFB1 /* OutfitExpressCD.xcdatamodeld in Sources */,
				A165926C255DCC250002BFB1 /* Persistence.swift in Sources */,
				A1659265255DCC230002BFB1 /* ContentView.swift in Sources */,
				A165928F255DDC450002BFB1 /* CDItem+CoreDataProperties.swift in Sources */,
				A165927A255DCC790002BFB1 /* HomeView.swift in Sources */,
				A1659290255DDC450002BFB1 /* CDTag+CoreDataClass.swift in Sources */,
				A1659293255DDC450002BFB1 /* CDCategory+CoreDataProperties.swift in Sources */,
				A1659263255DCC230002BFB1 /* OutfitExpressCDApp.swift in Sources */,
				A165929D255DF30A0002BFB1 /* AddItemView.swift in Sources */,
				A165928E255DDC450002BFB1 /* CDItem+CoreDataClass.swift in Sources */,
				A165927E255DCCD70002BFB1 /* ItemViewModel.swift in Sources */,
				A1659292255DDC450002BFB1 /* CDCategory+CoreDataClass.swift in Sources */,
				A16592A2255E05090002BFB1 /* ItemView.swift in Sources */,
				A1659291255DDC450002BFB1 /* CDTag+CoreDataProperties.swift in Sources */,
			);
			runOnlyForDeploymentPostprocessing = 0;
		};
/* End PBXSourcesBuildPhase section */

/* Begin XCBuildConfiguration section */
		A1659271255DCC250002BFB1 /* Debug */ = {
			isa = XCBuildConfiguration;
			buildSettings = {
				ALWAYS_SEARCH_USER_PATHS = NO;
				CLANG_ANALYZER_NONNULL = YES;
				CLANG_ANALYZER_NUMBER_OBJECT_CONVERSION = YES_AGGRESSIVE;
				CLANG_CXX_LANGUAGE_STANDARD = "gnu++14";
				CLANG_CXX_LIBRARY = "libc++";
				CLANG_ENABLE_MODULES = YES;
				CLANG_ENABLE_OBJC_ARC = YES;
				CLANG_ENABLE_OBJC_WEAK = YES;
				CLANG_WARN_BLOCK_CAPTURE_AUTORELEASING = YES;
				CLANG_WARN_BOOL_CONVERSION = YES;
				CLANG_WARN_COMMA = YES;
				CLANG_WARN_CONSTANT_CONVERSION = YES;
				CLANG_WARN_DEPRECATED_OBJC_IMPLEMENTATIONS = YES;
				CLANG_WARN_DIRECT_OBJC_ISA_USAGE = YES_ERROR;
				CLANG_WARN_DOCUMENTATION_COMMENTS = YES;
				CLANG_WARN_EMPTY_BODY = YES;
				CLANG_WARN_ENUM_CONVERSION = YES;
				CLANG_WARN_INFINITE_RECURSION = YES;
				CLANG_WARN_INT_CONVERSION = YES;
				CLANG_WARN_NON_LITERAL_NULL_CONVERSION = YES;
				CLANG_WARN_OBJC_IMPLICIT_RETAIN_SELF = YES;
				CLANG_WARN_OBJC_LITERAL_CONVERSION = YES;
				CLANG_WARN_OBJC_ROOT_CLASS = YES_ERROR;
				CLANG_WARN_QUOTED_INCLUDE_IN_FRAMEWORK_HEADER = YES;
				CLANG_WARN_RANGE_LOOP_ANALYSIS = YES;
				CLANG_WARN_STRICT_PROTOTYPES = YES;
				CLANG_WARN_SUSPICIOUS_MOVE = YES;
				CLANG_WARN_UNGUARDED_AVAILABILITY = YES_AGGRESSIVE;
				CLANG_WARN_UNREACHABLE_CODE = YES;
				CLANG_WARN__DUPLICATE_METHOD_MATCH = YES;
				COPY_PHASE_STRIP = NO;
				DEBUG_INFORMATION_FORMAT = dwarf;
				ENABLE_STRICT_OBJC_MSGSEND = YES;
				ENABLE_TESTABILITY = YES;
				GCC_C_LANGUAGE_STANDARD = gnu11;
				GCC_DYNAMIC_NO_PIC = NO;
				GCC_NO_COMMON_BLOCKS = YES;
				GCC_OPTIMIZATION_LEVEL = 0;
				GCC_PREPROCESSOR_DEFINITIONS = (
					"DEBUG=1",
					"$(inherited)",
				);
				GCC_WARN_64_TO_32_BIT_CONVERSION = YES;
				GCC_WARN_ABOUT_RETURN_TYPE = YES_ERROR;
				GCC_WARN_UNDECLARED_SELECTOR = YES;
				GCC_WARN_UNINITIALIZED_AUTOS = YES_AGGRESSIVE;
				GCC_WARN_UNUSED_FUNCTION = YES;
				GCC_WARN_UNUSED_VARIABLE = YES;
				IPHONEOS_DEPLOYMENT_TARGET = 14.1;
				MTL_ENABLE_DEBUG_INFO = INCLUDE_SOURCE;
				MTL_FAST_MATH = YES;
				ONLY_ACTIVE_ARCH = YES;
				SDKROOT = iphoneos;
				SWIFT_ACTIVE_COMPILATION_CONDITIONS = DEBUG;
				SWIFT_OPTIMIZATION_LEVEL = "-Onone";
			};
			name = Debug;
		};
		A1659272255DCC250002BFB1 /* Release */ = {
			isa = XCBuildConfiguration;
			buildSettings = {
				ALWAYS_SEARCH_USER_PATHS = NO;
				CLANG_ANALYZER_NONNULL = YES;
				CLANG_ANALYZER_NUMBER_OBJECT_CONVERSION = YES_AGGRESSIVE;
				CLANG_CXX_LANGUAGE_STANDARD = "gnu++14";
				CLANG_CXX_LIBRARY = "libc++";
				CLANG_ENABLE_MODULES = YES;
				CLANG_ENABLE_OBJC_ARC = YES;
				CLANG_ENABLE_OBJC_WEAK = YES;
				CLANG_WARN_BLOCK_CAPTURE_AUTORELEASING = YES;
				CLANG_WARN_BOOL_CONVERSION = YES;
				CLANG_WARN_COMMA = YES;
				CLANG_WARN_CONSTANT_CONVERSION = YES;
				CLANG_WARN_DEPRECATED_OBJC_IMPLEMENTATIONS = YES;
				CLANG_WARN_DIRECT_OBJC_ISA_USAGE = YES_ERROR;
				CLANG_WARN_DOCUMENTATION_COMMENTS = YES;
				CLANG_WARN_EMPTY_BODY = YES;
				CLANG_WARN_ENUM_CONVERSION = YES;
				CLANG_WARN_INFINITE_RECURSION = YES;
				CLANG_WARN_INT_CONVERSION = YES;
				CLANG_WARN_NON_LITERAL_NULL_CONVERSION = YES;
				CLANG_WARN_OBJC_IMPLICIT_RETAIN_SELF = YES;
				CLANG_WARN_OBJC_LITERAL_CONVERSION = YES;
				CLANG_WARN_OBJC_ROOT_CLASS = YES_ERROR;
				CLANG_WARN_QUOTED_INCLUDE_IN_FRAMEWORK_HEADER = YES;
				CLANG_WARN_RANGE_LOOP_ANALYSIS = YES;
				CLANG_WARN_STRICT_PROTOTYPES = YES;
				CLANG_WARN_SUSPICIOUS_MOVE = YES;
				CLANG_WARN_UNGUARDED_AVAILABILITY = YES_AGGRESSIVE;
				CLANG_WARN_UNREACHABLE_CODE = YES;
				CLANG_WARN__DUPLICATE_METHOD_MATCH = YES;
				COPY_PHASE_STRIP = NO;
				DEBUG_INFORMATION_FORMAT = "dwarf-with-dsym";
				ENABLE_NS_ASSERTIONS = NO;
				ENABLE_STRICT_OBJC_MSGSEND = YES;
				GCC_C_LANGUAGE_STANDARD = gnu11;
				GCC_NO_COMMON_BLOCKS = YES;
				GCC_WARN_64_TO_32_BIT_CONVERSION = YES;
				GCC_WARN_ABOUT_RETURN_TYPE = YES_ERROR;
				GCC_WARN_UNDECLARED_SELECTOR = YES;
				GCC_WARN_UNINITIALIZED_AUTOS = YES_AGGRESSIVE;
				GCC_WARN_UNUSED_FUNCTION = YES;
				GCC_WARN_UNUSED_VARIABLE = YES;
				IPHONEOS_DEPLOYMENT_TARGET = 14.1;
				MTL_ENABLE_DEBUG_INFO = NO;
				MTL_FAST_MATH = YES;
				SDKROOT = iphoneos;
				SWIFT_COMPILATION_MODE = wholemodule;
				SWIFT_OPTIMIZATION_LEVEL = "-O";
				VALIDATE_PRODUCT = YES;
			};
			name = Release;
		};
		A1659274255DCC250002BFB1 /* Debug */ = {
			isa = XCBuildConfiguration;
			buildSettings = {
				ASSETCATALOG_COMPILER_APPICON_NAME = AppIcon;
				ASSETCATALOG_COMPILER_GLOBAL_ACCENT_COLOR_NAME = AccentColor;
				CODE_SIGN_STYLE = Automatic;
				DEVELOPMENT_ASSET_PATHS = "\"OutfitExpressCD/Preview Content\"";
				DEVELOPMENT_TEAM = 999M6UQZ76;
				ENABLE_PREVIEWS = YES;
				INFOPLIST_FILE = OutfitExpressCD/Info.plist;
				IPHONEOS_DEPLOYMENT_TARGET = 14.0;
				LD_RUNPATH_SEARCH_PATHS = (
					"$(inherited)",
					"@executable_path/Frameworks",
				);
				PRODUCT_BUNDLE_IDENTIFIER = com.fhict.OutfitExpressCD;
				PRODUCT_NAME = "$(TARGET_NAME)";
				SWIFT_VERSION = 5.0;
				TARGETED_DEVICE_FAMILY = "1,2";
			};
			name = Debug;
		};
		A1659275255DCC250002BFB1 /* Release */ = {
			isa = XCBuildConfiguration;
			buildSettings = {
				ASSETCATALOG_COMPILER_APPICON_NAME = AppIcon;
				ASSETCATALOG_COMPILER_GLOBAL_ACCENT_COLOR_NAME = AccentColor;
				CODE_SIGN_STYLE = Automatic;
				DEVELOPMENT_ASSET_PATHS = "\"OutfitExpressCD/Preview Content\"";
				DEVELOPMENT_TEAM = 999M6UQZ76;
				ENABLE_PREVIEWS = YES;
				INFOPLIST_FILE = OutfitExpressCD/Info.plist;
				IPHONEOS_DEPLOYMENT_TARGET = 14.0;
				LD_RUNPATH_SEARCH_PATHS = (
					"$(inherited)",
					"@executable_path/Frameworks",
				);
				PRODUCT_BUNDLE_IDENTIFIER = com.fhict.OutfitExpressCD;
				PRODUCT_NAME = "$(TARGET_NAME)";
				SWIFT_VERSION = 5.0;
				TARGETED_DEVICE_FAMILY = "1,2";
			};
			name = Release;
		};
/* End XCBuildConfiguration section */

/* Begin XCConfigurationList section */
		A165925A255DCC230002BFB1 /* Build configuration list for PBXProject "OutfitExpressCD" */ = {
			isa = XCConfigurationList;
			buildConfigurations = (
				A1659271255DCC250002BFB1 /* Debug */,
				A1659272255DCC250002BFB1 /* Release */,
			);
			defaultConfigurationIsVisible = 0;
			defaultConfigurationName = Release;
		};
		A1659273255DCC250002BFB1 /* Build configuration list for PBXNativeTarget "OutfitExpressCD" */ = {
			isa = XCConfigurationList;
			buildConfigurations = (
				A1659274255DCC250002BFB1 /* Debug */,
				A1659275255DCC250002BFB1 /* Release */,
			);
			defaultConfigurationIsVisible = 0;
			defaultConfigurationName = Release;
		};
/* End XCConfigurationList section */

/* Begin XCVersionGroup section */
		A165926D255DCC250002BFB1 /* OutfitExpressCD.xcdatamodeld */ = {
			isa = XCVersionGroup;
			children = (
				A165926E255DCC250002BFB1 /* OutfitExpressCD.xcdatamodel */,
			);
			currentVersion = A165926E255DCC250002BFB1 /* OutfitExpressCD.xcdatamodel */;
			path = OutfitExpressCD.xcdatamodeld;
			sourceTree = "<group>";
			versionGroupType = wrapper.xcdatamodel;
		};
/* End XCVersionGroup section */
	};
	rootObject = A1659257255DCC230002BFB1 /* Project object */;
}
